
Microsoft Visual Studio Solution File, Format Version 12.00
# Visual Studio Version 17
VisualStudioVersion = 17.9.34616.47
MinimumVisualStudioVersion = 10.0.40219.1
Project("{FAE04EC0-301F-11D3-BF4B-00C04F79EFBC}") = "wpf-adfgvx", "wpf-adfgvx.csproj", "{DA5D4A59-A1D8-4984-B741-0D9125E81087}"
EndProject
Global
	GlobalSection(SolutionConfigurationPlatforms) = preSolution
		Debug|Any CPU = Debug|Any CPU
		Release|Any CPU = Release|Any CPU
	EndGlobalSection
	GlobalSection(ProjectConfigurationPlatforms) = postSolution
		{DA5D4A59-A1D8-4984-B741-0D9125E81087}.Debug|Any CPU.ActiveCfg = Debug|Any CPU
		{DA5D4A59-A1D8-4984-B741-0D9125E81087}.Debug|Any CPU.Build.0 = Debug|Any CPU
		{DA5D4A59-A1D8-4984-B741-0D9125E81087}.Release|Any CPU.ActiveCfg = Release|Any CPU
		{DA5D4A59-A1D8-4984-B741-0D9125E81087}.Release|Any CPU.Build.0 = Release|Any CPU
	EndGlobalSection
	GlobalSection(SolutionProperties) = preSolution
		HideSolutionNode = FALSE
	EndGlobalSection
	GlobalSection(ExtensibilityGlobals) = postSolution
		SolutionGuid = {AD4E8257-8CFB-44B5-83A6-FBA705FF95F5}
	EndGlobalSection
EndGlobal
